
Microsoft Visual Studio Solution File, Format Version 12.00
# Visual Studio Version 16
VisualStudioVersion = 16.0.30804.86
MinimumVisualStudioVersion = 10.0.40219.1
Project("{9A19103F-16F7-4668-BE54-9A1E7A4F7556}") = "PoeStashSearch.Web", "PoeStashSearch.Web\PoeStashSearch.Web.csproj", "{F723454F-8A2B-420B-9BF9-E78CA2D162CC}"
EndProject
Project("{9A19103F-16F7-4668-BE54-9A1E7A4F7556}") = "PoeStashSearch.Console", "PoeStashSearch.Console\PoeStashSearch.Console.csproj", "{6FFBB9E9-E829-4C00-8FD7-8614B5246F52}"
EndProject
Project("{9A19103F-16F7-4668-BE54-9A1E7A4F7556}") = "PoeStashSearch.Api", "PoeStashSearch.Api\PoeStashSearch.Api.csproj", "{46E773C0-C6E8-4905-9994-76E400E31464}"
EndProject
Project("{9A19103F-16F7-4668-BE54-9A1E7A4F7556}") = "PoeStashSearch.Data", "PoeStashSearch.Data\PoeStashSearch.Data.csproj", "{E53DEE17-1C00-43FF-B13B-0EC86980A229}"
EndProject
Global
	GlobalSection(SolutionConfigurationPlatforms) = preSolution
		Debug|Any CPU = Debug|Any CPU
		Release|Any CPU = Release|Any CPU
	EndGlobalSection
	GlobalSection(ProjectConfigurationPlatforms) = postSolution
		{F723454F-8A2B-420B-9BF9-E78CA2D162CC}.Debug|Any CPU.ActiveCfg = Debug|Any CPU
		{F723454F-8A2B-420B-9BF9-E78CA2D162CC}.Debug|Any CPU.Build.0 = Debug|Any CPU
		{F723454F-8A2B-420B-9BF9-E78CA2D162CC}.Release|Any CPU.ActiveCfg = Release|Any CPU
		{F723454F-8A2B-420B-9BF9-E78CA2D162CC}.Release|Any CPU.Build.0 = Release|Any CPU
		{6FFBB9E9-E829-4C00-8FD7-8614B5246F52}.Debug|Any CPU.ActiveCfg = Debug|Any CPU
		{6FFBB9E9-E829-4C00-8FD7-8614B5246F52}.Debug|Any CPU.Build.0 = Debug|Any CPU
		{6FFBB9E9-E829-4C00-8FD7-8614B5246F52}.Release|Any CPU.ActiveCfg = Release|Any CPU
		{6FFBB9E9-E829-4C00-8FD7-8614B5246F52}.Release|Any CPU.Build.0 = Release|Any CPU
		{46E773C0-C6E8-4905-9994-76E400E31464}.Debug|Any CPU.ActiveCfg = Debug|Any CPU
		{46E773C0-C6E8-4905-9994-76E400E31464}.Debug|Any CPU.Build.0 = Debug|Any CPU
		{46E773C0-C6E8-4905-9994-76E400E31464}.Release|Any CPU.ActiveCfg = Release|Any CPU
		{46E773C0-C6E8-4905-9994-76E400E31464}.Release|Any CPU.Build.0 = Release|Any CPU
		{E53DEE17-1C00-43FF-B13B-0EC86980A229}.Debug|Any CPU.ActiveCfg = Debug|Any CPU
		{E53DEE17-1C00-43FF-B13B-0EC86980A229}.Debug|Any CPU.Build.0 = Debug|Any CPU
		{E53DEE17-1C00-43FF-B13B-0EC86980A229}.Release|Any CPU.ActiveCfg = Release|Any CPU
		{E53DEE17-1C00-43FF-B13B-0EC86980A229}.Release|Any CPU.Build.0 = Release|Any CPU
	EndGlobalSection
	GlobalSection(SolutionProperties) = preSolution
		HideSolutionNode = FALSE
	EndGlobalSection
	GlobalSection(ExtensibilityGlobals) = postSolution
		SolutionGuid = {9150082D-D725-4C3E-A4D7-CA801C3E916C}
	EndGlobalSection
EndGlobal
